// !$*UTF8*$!
{
	archiveVersion = 1;
	classes = {
	};
	objectVersion = 46;
	objects = {

/* Begin PBXBuildFile section */
		31CD16F963734ADBAFFE381C /* Pods_XXAutoLayoutTests.framework in Frameworks */ = {isa = PBXBuildFile; fileRef = 1E93ED44C9A4ED33961BCFC8 /* Pods_XXAutoLayoutTests.framework */; };
		3F27856ED5BA58412CCA0CDD /* Pods_XXAutoLayout.framework in Frameworks */ = {isa = PBXBuildFile; fileRef = 777F82733B035D0EF0F2F3A3 /* Pods_XXAutoLayout.framework */; };
		BAA4BF056F64A10167DF6922 /* Pods_XXAutoLayoutUITests.framework in Frameworks */ = {isa = PBXBuildFile; fileRef = C9688DE5C56FE4C76BA996CD /* Pods_XXAutoLayoutUITests.framework */; };
		FD7306551C17B8E80006D824 /* ChildFillViewController.m in Sources */ = {isa = PBXBuildFile; fileRef = FD7306521C17B8E80006D824 /* ChildFillViewController.m */; };
		FD7306561C17B8E80006D824 /* FillViewController.m in Sources */ = {isa = PBXBuildFile; fileRef = FD7306541C17B8E80006D824 /* FillViewController.m */; };
		FD73065B1C17B8FA0006D824 /* NormalViewController.m in Sources */ = {isa = PBXBuildFile; fileRef = FD7306581C17B8FA0006D824 /* NormalViewController.m */; };
		FD73065C1C17B8FA0006D824 /* NVController.m in Sources */ = {isa = PBXBuildFile; fileRef = FD73065A1C17B8FA0006D824 /* NVController.m */; };
		FD7306631C17B9030006D824 /* TableViewController.m in Sources */ = {isa = PBXBuildFile; fileRef = FD73065E1C17B9030006D824 /* TableViewController.m */; };
		FD7306641C17B9030006D824 /* TestVC.m in Sources */ = {isa = PBXBuildFile; fileRef = FD7306601C17B9030006D824 /* TestVC.m */; };
		FD7306651C17B9030006D824 /* UIView+AdjustFrame.m in Sources */ = {isa = PBXBuildFile; fileRef = FD7306621C17B9030006D824 /* UIView+AdjustFrame.m */; };
		FD7306671C17BA520006D824 /* Main.storyboard in Resources */ = {isa = PBXBuildFile; fileRef = FD7306661C17BA520006D824 /* Main.storyboard */; };
		FDEAD4191C16B54200DE154A /* main.m in Sources */ = {isa = PBXBuildFile; fileRef = FDEAD4181C16B54200DE154A /* main.m */; };
		FDEAD41C1C16B54200DE154A /* AppDelegate.m in Sources */ = {isa = PBXBuildFile; fileRef = FDEAD41B1C16B54200DE154A /* AppDelegate.m */; };
		FDEAD41F1C16B54200DE154A /* ViewController.m in Sources */ = {isa = PBXBuildFile; fileRef = FDEAD41E1C16B54200DE154A /* ViewController.m */; };
		FDEAD4241C16B54200DE154A /* Assets.xcassets in Resources */ = {isa = PBXBuildFile; fileRef = FDEAD4231C16B54200DE154A /* Assets.xcassets */; };
		FDEAD4271C16B54200DE154A /* LaunchScreen.storyboard in Resources */ = {isa = PBXBuildFile; fileRef = FDEAD4251C16B54200DE154A /* LaunchScreen.storyboard */; };
		FDEAD4321C16B54200DE154A /* XXAutoLayoutTests.m in Sources */ = {isa = PBXBuildFile; fileRef = FDEAD4311C16B54200DE154A /* XXAutoLayoutTests.m */; };
		FDEAD43D1C16B54200DE154A /* XXAutoLayoutUITests.m in Sources */ = {isa = PBXBuildFile; fileRef = FDEAD43C1C16B54200DE154A /* XXAutoLayoutUITests.m */; };
/* End PBXBuildFile section */

/* Begin PBXContainerItemProxy section */
		FDEAD42E1C16B54200DE154A /* PBXContainerItemProxy */ = {
			isa = PBXContainerItemProxy;
			containerPortal = FDEAD40C1C16B54200DE154A /* Project object */;
			proxyType = 1;
			remoteGlobalIDString = FDEAD4131C16B54200DE154A;
			remoteInfo = XXAutoLayout;
		};
		FDEAD4391C16B54200DE154A /* PBXContainerItemProxy */ = {
			isa = PBXContainerItemProxy;
			containerPortal = FDEAD40C1C16B54200DE154A /* Project object */;
			proxyType = 1;
			remoteGlobalIDString = FDEAD4131C16B54200DE154A;
			remoteInfo = XXAutoLayout;
		};
/* End PBXContainerItemProxy section */

/* Begin PBXFileReference section */
		1E93ED44C9A4ED33961BCFC8 /* Pods_XXAutoLayoutTests.framework */ = {isa = PBXFileReference; explicitFileType = wrapper.framework; includeInIndex = 0; path = Pods_XXAutoLayoutTests.framework; sourceTree = BUILT_PRODUCTS_DIR; };
		30BE2B2A37C0A72CC51DBE13 /* Pods-XXAutoLayoutTests.release.xcconfig */ = {isa = PBXFileReference; includeInIndex = 1; lastKnownFileType = text.xcconfig; name = "Pods-XXAutoLayoutTests.release.xcconfig"; path = "Pods/Target Support Files/Pods-XXAutoLayoutTests/Pods-XXAutoLayoutTests.release.xcconfig"; sourceTree = "<group>"; };
		40FA6B992D7E118A5F9E6E3F /* Pods-XXAutoLayout.debug.xcconfig */ = {isa = PBXFileReference; includeInIndex = 1; lastKnownFileType = text.xcconfig; name = "Pods-XXAutoLayout.debug.xcconfig"; path = "Pods/Target Support Files/Pods-XXAutoLayout/Pods-XXAutoLayout.debug.xcconfig"; sourceTree = "<group>"; };
		533D9032BAA321A8C3ABD770 /* Pods-XXAutoLayout.release.xcconfig */ = {isa = PBXFileReference; includeInIndex = 1; lastKnownFileType = text.xcconfig; name = "Pods-XXAutoLayout.release.xcconfig"; path = "Pods/Target Support Files/Pods-XXAutoLayout/Pods-XXAutoLayout.release.xcconfig"; sourceTree = "<group>"; };
		777F82733B035D0EF0F2F3A3 /* Pods_XXAutoLayout.framework */ = {isa = PBXFileReference; explicitFileType = wrapper.framework; includeInIndex = 0; path = Pods_XXAutoLayout.framework; sourceTree = BUILT_PRODUCTS_DIR; };
		C9688DE5C56FE4C76BA996CD /* Pods_XXAutoLayoutUITests.framework */ = {isa = PBXFileReference; explicitFileType = wrapper.framework; includeInIndex = 0; path = Pods_XXAutoLayoutUITests.framework; sourceTree = BUILT_PRODUCTS_DIR; };
		D1C326602441B3A38A75F296 /* Pods-XXAutoLayoutUITests.debug.xcconfig */ = {isa = PBXFileReference; includeInIndex = 1; lastKnownFileType = text.xcconfig; name = "Pods-XXAutoLayoutUITests.debug.xcconfig"; path = "Pods/Target Support Files/Pods-XXAutoLayoutUITests/Pods-XXAutoLayoutUITests.debug.xcconfig"; sourceTree = "<group>"; };
		D36B42E1443D31BD4E8B4E35 /* Pods-XXAutoLayoutTests.debug.xcconfig */ = {isa = PBXFileReference; includeInIndex = 1; lastKnownFileType = text.xcconfig; name = "Pods-XXAutoLayoutTests.debug.xcconfig"; path = "Pods/Target Support Files/Pods-XXAutoLayoutTests/Pods-XXAutoLayoutTests.debug.xcconfig"; sourceTree = "<group>"; };
		F0B3DBBFEDAABCEF27AFF6C3 /* Pods-XXAutoLayoutUITests.release.xcconfig */ = {isa = PBXFileReference; includeInIndex = 1; lastKnownFileType = text.xcconfig; name = "Pods-XXAutoLayoutUITests.release.xcconfig"; path = "Pods/Target Support Files/Pods-XXAutoLayoutUITests/Pods-XXAutoLayoutUITests.release.xcconfig"; sourceTree = "<group>"; };
		FD7306511C17B8E80006D824 /* ChildFillViewController.h */ = {isa = PBXFileReference; fileEncoding = 4; lastKnownFileType = sourcecode.c.h; path = ChildFillViewController.h; sourceTree = "<group>"; };
		FD7306521C17B8E80006D824 /* ChildFillViewController.m */ = {isa = PBXFileReference; fileEncoding = 4; lastKnownFileType = sourcecode.c.objc; path = ChildFillViewController.m; sourceTree = "<group>"; };
		FD7306531C17B8E80006D824 /* FillViewController.h */ = {isa = PBXFileReference; fileEncoding = 4; lastKnownFileType = sourcecode.c.h; path = FillViewController.h; sourceTree = "<group>"; };
		FD7306541C17B8E80006D824 /* FillViewController.m */ = {isa = PBXFileReference; fileEncoding = 4; lastKnownFileType = sourcecode.c.objc; path = FillViewController.m; sourceTree = "<group>"; };
		FD7306571C17B8FA0006D824 /* NormalViewController.h */ = {isa = PBXFileReference; fileEncoding = 4; lastKnownFileType = sourcecode.c.h; path = NormalViewController.h; sourceTree = "<group>"; };
		FD7306581C17B8FA0006D824 /* NormalViewController.m */ = {isa = PBXFileReference; fileEncoding = 4; lastKnownFileType = sourcecode.c.objc; path = NormalViewController.m; sourceTree = "<group>"; };
		FD7306591C17B8FA0006D824 /* NVController.h */ = {isa = PBXFileReference; fileEncoding = 4; lastKnownFileType = sourcecode.c.h; path = NVController.h; sourceTree = "<group>"; };
		FD73065A1C17B8FA0006D824 /* NVController.m */ = {isa = PBXFileReference; fileEncoding = 4; lastKnownFileType = sourcecode.c.objc; path = NVController.m; sourceTree = "<group>"; };
		FD73065D1C17B9030006D824 /* TableViewController.h */ = {isa = PBXFileReference; fileEncoding = 4; lastKnownFileType = sourcecode.c.h; path = TableViewController.h; sourceTree = "<group>"; };
		FD73065E1C17B9030006D824 /* TableViewController.m */ = {isa = PBXFileReference; fileEncoding = 4; lastKnownFileType = sourcecode.c.objc; path = TableViewController.m; sourceTree = "<group>"; };
		FD73065F1C17B9030006D824 /* TestVC.h */ = {isa = PBXFileReference; fileEncoding = 4; lastKnownFileType = sourcecode.c.h; path = TestVC.h; sourceTree = "<group>"; };
		FD7306601C17B9030006D824 /* TestVC.m */ = {isa = PBXFileReference; fileEncoding = 4; lastKnownFileType = sourcecode.c.objc; path = TestVC.m; sourceTree = "<group>"; };
		FD7306611C17B9030006D824 /* UIView+AdjustFrame.h */ = {isa = PBXFileReference; fileEncoding = 4; lastKnownFileType = sourcecode.c.h; path = "UIView+AdjustFrame.h"; sourceTree = "<group>"; };
		FD7306621C17B9030006D824 /* UIView+AdjustFrame.m */ = {isa = PBXFileReference; fileEncoding = 4; lastKnownFileType = sourcecode.c.objc; path = "UIView+AdjustFrame.m"; sourceTree = "<group>"; };
		FD7306661C17BA520006D824 /* Main.storyboard */ = {isa = PBXFileReference; fileEncoding = 4; lastKnownFileType = file.storyboard; path = Main.storyboard; sourceTree = "<group>"; };
		FDEAD4141C16B54200DE154A /* XXAutoLayout.app */ = {isa = PBXFileReference; explicitFileType = wrapper.application; includeInIndex = 0; path = XXAutoLayout.app; sourceTree = BUILT_PRODUCTS_DIR; };
		FDEAD4181C16B54200DE154A /* main.m */ = {isa = PBXFileReference; lastKnownFileType = sourcecode.c.objc; path = main.m; sourceTree = "<group>"; };
		FDEAD41A1C16B54200DE154A /* AppDelegate.h */ = {isa = PBXFileReference; lastKnownFileType = sourcecode.c.h; path = AppDelegate.h; sourceTree = "<group>"; };
		FDEAD41B1C16B54200DE154A /* AppDelegate.m */ = {isa = PBXFileReference; lastKnownFileType = sourcecode.c.objc; path = AppDelegate.m; sourceTree = "<group>"; };
		FDEAD41D1C16B54200DE154A /* ViewController.h */ = {isa = PBXFileReference; lastKnownFileType = sourcecode.c.h; path = ViewController.h; sourceTree = "<group>"; };
		FDEAD41E1C16B54200DE154A /* ViewController.m */ = {isa = PBXFileReference; lastKnownFileType = sourcecode.c.objc; path = ViewController.m; sourceTree = "<group>"; };
		FDEAD4231C16B54200DE154A /* Assets.xcassets */ = {isa = PBXFileReference; lastKnownFileType = folder.assetcatalog; path = Assets.xcassets; sourceTree = "<group>"; };
		FDEAD4261C16B54200DE154A /* Base */ = {isa = PBXFileReference; lastKnownFileType = file.storyboard; name = Base; path = Base.lproj/LaunchScreen.storyboard; sourceTree = "<group>"; };
		FDEAD4281C16B54200DE154A /* Info.plist */ = {isa = PBXFileReference; lastKnownFileType = text.plist.xml; path = Info.plist; sourceTree = "<group>"; };
		FDEAD42D1C16B54200DE154A /* XXAutoLayoutTests.xctest */ = {isa = PBXFileReference; explicitFileType = wrapper.cfbundle; includeInIndex = 0; path = XXAutoLayoutTests.xctest; sourceTree = BUILT_PRODUCTS_DIR; };
		FDEAD4311C16B54200DE154A /* XXAutoLayoutTests.m */ = {isa = PBXFileReference; lastKnownFileType = sourcecode.c.objc; path = XXAutoLayoutTests.m; sourceTree = "<group>"; };
		FDEAD4331C16B54200DE154A /* Info.plist */ = {isa = PBXFileReference; lastKnownFileType = text.plist.xml; path = Info.plist; sourceTree = "<group>"; };
		FDEAD4381C16B54200DE154A /* XXAutoLayoutUITests.xctest */ = {isa = PBXFileReference; explicitFileType = wrapper.cfbundle; includeInIndex = 0; path = XXAutoLayoutUITests.xctest; sourceTree = BUILT_PRODUCTS_DIR; };
		FDEAD43C1C16B54200DE154A /* XXAutoLayoutUITests.m */ = {isa = PBXFileReference; lastKnownFileType = sourcecode.c.objc; path = XXAutoLayoutUITests.m; sourceTree = "<group>"; };
		FDEAD43E1C16B54200DE154A /* Info.plist */ = {isa = PBXFileReference; lastKnownFileType = text.plist.xml; path = Info.plist; sourceTree = "<group>"; };
/* End PBXFileReference section */

/* Begin PBXFrameworksBuildPhase section */
		FDEAD4111C16B54200DE154A /* Frameworks */ = {
			isa = PBXFrameworksBuildPhase;
			buildActionMask = 2147483647;
			files = (
				3F27856ED5BA58412CCA0CDD /* Pods_XXAutoLayout.framework in Frameworks */,
			);
			runOnlyForDeploymentPostprocessing = 0;
		};
		FDEAD42A1C16B54200DE154A /* Frameworks */ = {
			isa = PBXFrameworksBuildPhase;
			buildActionMask = 2147483647;
			files = (
				31CD16F963734ADBAFFE381C /* Pods_XXAutoLayoutTests.framework in Frameworks */,
			);
			runOnlyForDeploymentPostprocessing = 0;
		};
		FDEAD4351C16B54200DE154A /* Frameworks */ = {
			isa = PBXFrameworksBuildPhase;
			buildActionMask = 2147483647;
			files = (
				BAA4BF056F64A10167DF6922 /* Pods_XXAutoLayoutUITests.framework in Frameworks */,
			);
			runOnlyForDeploymentPostprocessing = 0;
		};
/* End PBXFrameworksBuildPhase section */

/* Begin PBXGroup section */
		BBABB31BF9DDB42846644C5D /* Pods */ = {
			isa = PBXGroup;
			children = (
				40FA6B992D7E118A5F9E6E3F /* Pods-XXAutoLayout.debug.xcconfig */,
				533D9032BAA321A8C3ABD770 /* Pods-XXAutoLayout.release.xcconfig */,
				D36B42E1443D31BD4E8B4E35 /* Pods-XXAutoLayoutTests.debug.xcconfig */,
				30BE2B2A37C0A72CC51DBE13 /* Pods-XXAutoLayoutTests.release.xcconfig */,
				D1C326602441B3A38A75F296 /* Pods-XXAutoLayoutUITests.debug.xcconfig */,
				F0B3DBBFEDAABCEF27AFF6C3 /* Pods-XXAutoLayoutUITests.release.xcconfig */,
			);
			name = Pods;
			sourceTree = "<group>";
		};
		F5FBBC35A55709A17387FE40 /* Frameworks */ = {
			isa = PBXGroup;
			children = (
				777F82733B035D0EF0F2F3A3 /* Pods_XXAutoLayout.framework */,
				1E93ED44C9A4ED33961BCFC8 /* Pods_XXAutoLayoutTests.framework */,
				C9688DE5C56FE4C76BA996CD /* Pods_XXAutoLayoutUITests.framework */,
			);
			name = Frameworks;
			sourceTree = "<group>";
		};
		FDEAD40B1C16B54200DE154A = {
			isa = PBXGroup;
			children = (
				FDEAD4161C16B54200DE154A /* XXAutoLayout */,
				FDEAD4301C16B54200DE154A /* XXAutoLayoutTests */,
				FDEAD43B1C16B54200DE154A /* XXAutoLayoutUITests */,
				FDEAD4151C16B54200DE154A /* Products */,
				BBABB31BF9DDB42846644C5D /* Pods */,
				F5FBBC35A55709A17387FE40 /* Frameworks */,
			);
			sourceTree = "<group>";
		};
		FDEAD4151C16B54200DE154A /* Products */ = {
			isa = PBXGroup;
			children = (
				FDEAD4141C16B54200DE154A /* XXAutoLayout.app */,
				FDEAD42D1C16B54200DE154A /* XXAutoLayoutTests.xctest */,
				FDEAD4381C16B54200DE154A /* XXAutoLayoutUITests.xctest */,
			);
			name = Products;
			sourceTree = "<group>";
		};
		FDEAD4161C16B54200DE154A /* XXAutoLayout */ = {
			isa = PBXGroup;
			children = (
				FDEAD41A1C16B54200DE154A /* AppDelegate.h */,
				FDEAD41B1C16B54200DE154A /* AppDelegate.m */,
				FDEAD41D1C16B54200DE154A /* ViewController.h */,
				FDEAD41E1C16B54200DE154A /* ViewController.m */,
				FDEAD4231C16B54200DE154A /* Assets.xcassets */,
				FD7306661C17BA520006D824 /* Main.storyboard */,
				FDEAD4251C16B54200DE154A /* LaunchScreen.storyboard */,
				FDEAD4281C16B54200DE154A /* Info.plist */,
				FDEAD4171C16B54200DE154A /* Supporting Files */,
				FD7306511C17B8E80006D824 /* ChildFillViewController.h */,
				FD7306521C17B8E80006D824 /* ChildFillViewController.m */,
				FD7306531C17B8E80006D824 /* FillViewController.h */,
				FD7306541C17B8E80006D824 /* FillViewController.m */,
				FD7306571C17B8FA0006D824 /* NormalViewController.h */,
				FD7306581C17B8FA0006D824 /* NormalViewController.m */,
				FD7306591C17B8FA0006D824 /* NVController.h */,
				FD73065A1C17B8FA0006D824 /* NVController.m */,
				FD73065D1C17B9030006D824 /* TableViewController.h */,
				FD73065E1C17B9030006D824 /* TableViewController.m */,
				FD73065F1C17B9030006D824 /* TestVC.h */,
				FD7306601C17B9030006D824 /* TestVC.m */,
				FD7306611C17B9030006D824 /* UIView+AdjustFrame.h */,
				FD7306621C17B9030006D824 /* UIView+AdjustFrame.m */,
			);
			path = XXAutoLayout;
			sourceTree = "<group>";
		};
		FDEAD4171C16B54200DE154A /* Supporting Files */ = {
			isa = PBXGroup;
			children = (
				FDEAD4181C16B54200DE154A /* main.m */,
			);
			name = "Supporting Files";
			sourceTree = "<group>";
		};
		FDEAD4301C16B54200DE154A /* XXAutoLayoutTests */ = {
			isa = PBXGroup;
			children = (
				FDEAD4311C16B54200DE154A /* XXAutoLayoutTests.m */,
				FDEAD4331C16B54200DE154A /* Info.plist */,
			);
			path = XXAutoLayoutTests;
			sourceTree = "<group>";
		};
		FDEAD43B1C16B54200DE154A /* XXAutoLayoutUITests */ = {
			isa = PBXGroup;
			children = (
				FDEAD43C1C16B54200DE154A /* XXAutoLayoutUITests.m */,
				FDEAD43E1C16B54200DE154A /* Info.plist */,
			);
			path = XXAutoLayoutUITests;
			sourceTree = "<group>";
		};
/* End PBXGroup section */

/* Begin PBXNativeTarget section */
		FDEAD4131C16B54200DE154A /* XXAutoLayout */ = {
			isa = PBXNativeTarget;
			buildConfigurationList = FDEAD4411C16B54200DE154A /* Build configuration list for PBXNativeTarget "XXAutoLayout" */;
			buildPhases = (
				FD97E8CE27519F3B121450AD /* [CP] Check Pods Manifest.lock */,
				FDEAD4101C16B54200DE154A /* Sources */,
				FDEAD4111C16B54200DE154A /* Frameworks */,
				FDEAD4121C16B54200DE154A /* Resources */,
				BA1097E26A3886766AECEFE0 /* [CP] Embed Pods Frameworks */,
				44815211B7ED63D0FAFFF730 /* [CP] Copy Pods Resources */,
			);
			buildRules = (
			);
			dependencies = (
			);
			name = XXAutoLayout;
			productName = XXAutoLayout;
			productReference = FDEAD4141C16B54200DE154A /* XXAutoLayout.app */;
			productType = "com.apple.product-type.application";
		};
		FDEAD42C1C16B54200DE154A /* XXAutoLayoutTests */ = {
			isa = PBXNativeTarget;
			buildConfigurationList = FDEAD4441C16B54200DE154A /* Build configuration list for PBXNativeTarget "XXAutoLayoutTests" */;
			buildPhases = (
				062C16E06AB9ECDD30C48CEE /* [CP] Check Pods Manifest.lock */,
				FDEAD4291C16B54200DE154A /* Sources */,
				FDEAD42A1C16B54200DE154A /* Frameworks */,
				FDEAD42B1C16B54200DE154A /* Resources */,
				5C1E6051E5F6D6A618BE0A76 /* [CP] Embed Pods Frameworks */,
				69565649EEDD01D42DFA1EF0 /* [CP] Copy Pods Resources */,
			);
			buildRules = (
			);
			dependencies = (
				FDEAD42F1C16B54200DE154A /* PBXTargetDependency */,
			);
			name = XXAutoLayoutTests;
			productName = XXAutoLayoutTests;
			productReference = FDEAD42D1C16B54200DE154A /* XXAutoLayoutTests.xctest */;
			productType = "com.apple.product-type.bundle.unit-test";
		};
		FDEAD4371C16B54200DE154A /* XXAutoLayoutUITests */ = {
			isa = PBXNativeTarget;
			buildConfigurationList = FDEAD4471C16B54200DE154A /* Build configuration list for PBXNativeTarget "XXAutoLayoutUITests" */;
			buildPhases = (
				BD0ED9F77636FF2C6A6218E5 /* [CP] Check Pods Manifest.lock */,
				FDEAD4341C16B54200DE154A /* Sources */,
				FDEAD4351C16B54200DE154A /* Frameworks */,
				FDEAD4361C16B54200DE154A /* Resources */,
				744757B744CE6D859CACD208 /* [CP] Embed Pods Frameworks */,
				8598F65FF3C0310D2702C9FF /* [CP] Copy Pods Resources */,
			);
			buildRules = (
			);
			dependencies = (
				FDEAD43A1C16B54200DE154A /* PBXTargetDependency */,
			);
			name = XXAutoLayoutUITests;
			productName = XXAutoLayoutUITests;
			productReference = FDEAD4381C16B54200DE154A /* XXAutoLayoutUITests.xctest */;
			productType = "com.apple.product-type.bundle.ui-testing";
		};
/* End PBXNativeTarget section */

/* Begin PBXProject section */
		FDEAD40C1C16B54200DE154A /* Project object */ = {
			isa = PBXProject;
			attributes = {
				LastUpgradeCheck = 0820;
				ORGANIZATIONNAME = LXF;
				TargetAttributes = {
					FDEAD4131C16B54200DE154A = {
						CreatedOnToolsVersion = 7.1;
						DevelopmentTeam = 3U6FXC8M2N;
						LastSwiftMigration = 0820;
					};
					FDEAD42C1C16B54200DE154A = {
						CreatedOnToolsVersion = 7.1;
						DevelopmentTeam = 3U6FXC8M2N;
						LastSwiftMigration = 0820;
						TestTargetID = FDEAD4131C16B54200DE154A;
					};
					FDEAD4371C16B54200DE154A = {
						CreatedOnToolsVersion = 7.1;
						DevelopmentTeam = 3U6FXC8M2N;
						LastSwiftMigration = 0820;
						TestTargetID = FDEAD4131C16B54200DE154A;
					};
				};
			};
			buildConfigurationList = FDEAD40F1C16B54200DE154A /* Build configuration list for PBXProject "XXAutoLayout" */;
			compatibilityVersion = "Xcode 3.2";
			developmentRegion = English;
			hasScannedForEncodings = 0;
			knownRegions = (
				en,
				Base,
			);
			mainGroup = FDEAD40B1C16B54200DE154A;
			productRefGroup = FDEAD4151C16B54200DE154A /* Products */;
			projectDirPath = "";
			projectRoot = "";
			targets = (
				FDEAD4131C16B54200DE154A /* XXAutoLayout */,
				FDEAD42C1C16B54200DE154A /* XXAutoLayoutTests */,
				FDEAD4371C16B54200DE154A /* XXAutoLayoutUITests */,
			);
		};
/* End PBXProject section */

/* Begin PBXResourcesBuildPhase section */
		FDEAD4121C16B54200DE154A /* Resources */ = {
			isa = PBXResourcesBuildPhase;
			buildActionMask = 2147483647;
			files = (
				FD7306671C17BA520006D824 /* Main.storyboard in Resources */,
				FDEAD4271C16B54200DE154A /* LaunchScreen.storyboard in Resources */,
				FDEAD4241C16B54200DE154A /* Assets.xcassets in Resources */,
			);
			runOnlyForDeploymentPostprocessing = 0;
		};
		FDEAD42B1C16B54200DE154A /* Resources */ = {
			isa = PBXResourcesBuildPhase;
			buildActionMask = 2147483647;
			files = (
			);
			runOnlyForDeploymentPostprocessing = 0;
		};
		FDEAD4361C16B54200DE154A /* Resources */ = {
			isa = PBXResourcesBuildPhase;
			buildActionMask = 2147483647;
			files = (
			);
			runOnlyForDeploymentPostprocessing = 0;
		};
/* End PBXResourcesBuildPhase section */

/* Begin PBXShellScriptBuildPhase section */
		062C16E06AB9ECDD30C48CEE /* [CP] Check Pods Manifest.lock */ = {
			isa = PBXShellScriptBuildPhase;
			buildActionMask = 2147483647;
			files = (
			);
			inputPaths = (
			);
			name = "[CP] Check Pods Manifest.lock";
			outputPaths = (
			);
			runOnlyForDeploymentPostprocessing = 0;
			shellPath = /bin/sh;
			shellScript = "diff \"${PODS_ROOT}/../Podfile.lock\" \"${PODS_ROOT}/Manifest.lock\" > /dev/null\nif [ $? != 0 ] ; then\n    # print error to STDERR\n    echo \"error: The sandbox is not in sync with the Podfile.lock. Run 'pod install' or update your CocoaPods installation.\" >&2\n    exit 1\nfi\n";
			showEnvVarsInLog = 0;
		};
		44815211B7ED63D0FAFFF730 /* [CP] Copy Pods Resources */ = {
			isa = PBXShellScriptBuildPhase;
			buildActionMask = 2147483647;
			files = (
			);
			inputPaths = (
			);
			name = "[CP] Copy Pods Resources";
			outputPaths = (
			);
			runOnlyForDeploymentPostprocessing = 0;
			shellPath = /bin/sh;
			shellScript = "\"${SRCROOT}/Pods/Target Support Files/Pods-XXAutoLayout/Pods-XXAutoLayout-resources.sh\"\n";
			showEnvVarsInLog = 0;
		};
		5C1E6051E5F6D6A618BE0A76 /* [CP] Embed Pods Frameworks */ = {
			isa = PBXShellScriptBuildPhase;
			buildActionMask = 2147483647;
			files = (
			);
			inputPaths = (
			);
			name = "[CP] Embed Pods Frameworks";
			outputPaths = (
			);
			runOnlyForDeploymentPostprocessing = 0;
			shellPath = /bin/sh;
			shellScript = "\"${SRCROOT}/Pods/Target Support Files/Pods-XXAutoLayoutTests/Pods-XXAutoLayoutTests-frameworks.sh\"\n";
			showEnvVarsInLog = 0;
		};
		69565649EEDD01D42DFA1EF0 /* [CP] Copy Pods Resources */ = {
			isa = PBXShellScriptBuildPhase;
			buildActionMask = 2147483647;
			files = (
			);
			inputPaths = (
			);
			name = "[CP] Copy Pods Resources";
			outputPaths = (
			);
			runOnlyForDeploymentPostprocessing = 0;
			shellPath = /bin/sh;
			shellScript = "\"${SRCROOT}/Pods/Target Support Files/Pods-XXAutoLayoutTests/Pods-XXAutoLayoutTests-resources.sh\"\n";
			showEnvVarsInLog = 0;
		};
		744757B744CE6D859CACD208 /* [CP] Embed Pods Frameworks */ = {
			isa = PBXShellScriptBuildPhase;
			buildActionMask = 2147483647;
			files = (
			);
			inputPaths = (
			);
			name = "[CP] Embed Pods Frameworks";
			outputPaths = (
			);
			runOnlyForDeploymentPostprocessing = 0;
			shellPath = /bin/sh;
			shellScript = "\"${SRCROOT}/Pods/Target Support Files/Pods-XXAutoLayoutUITests/Pods-XXAutoLayoutUITests-frameworks.sh\"\n";
			showEnvVarsInLog = 0;
		};
		8598F65FF3C0310D2702C9FF /* [CP] Copy Pods Resources */ = {
			isa = PBXShellScriptBuildPhase;
			buildActionMask = 2147483647;
			files = (
			);
			inputPaths = (
			);
			name = "[CP] Copy Pods Resources";
			outputPaths = (
			);
			runOnlyForDeploymentPostprocessing = 0;
			shellPath = /bin/sh;
			shellScript = "\"${SRCROOT}/Pods/Target Support Files/Pods-XXAutoLayoutUITests/Pods-XXAutoLayoutUITests-resources.sh\"\n";
			showEnvVarsInLog = 0;
		};
		BA1097E26A3886766AECEFE0 /* [CP] Embed Pods Frameworks */ = {
			isa = PBXShellScriptBuildPhase;
			buildActionMask = 2147483647;
			files = (
			);
			inputPaths = (
			);
			name = "[CP] Embed Pods Frameworks";
			outputPaths = (
			);
			runOnlyForDeploymentPostprocessing = 0;
			shellPath = /bin/sh;
			shellScript = "\"${SRCROOT}/Pods/Target Support Files/Pods-XXAutoLayout/Pods-XXAutoLayout-frameworks.sh\"\n";
			showEnvVarsInLog = 0;
		};
		BD0ED9F77636FF2C6A6218E5 /* [CP] Check Pods Manifest.lock */ = {
			isa = PBXShellScriptBuildPhase;
			buildActionMask = 2147483647;
			files = (
			);
			inputPaths = (
			);
			name = "[CP] Check Pods Manifest.lock";
			outputPaths = (
			);
			runOnlyForDeploymentPostprocessing = 0;
			shellPath = /bin/sh;
			shellScript = "diff \"${PODS_ROOT}/../Podfile.lock\" \"${PODS_ROOT}/Manifest.lock\" > /dev/null\nif [ $? != 0 ] ; then\n    # print error to STDERR\n    echo \"error: The sandbox is not in sync with the Podfile.lock. Run 'pod install' or update your CocoaPods installation.\" >&2\n    exit 1\nfi\n";
			showEnvVarsInLog = 0;
		};
		FD97E8CE27519F3B121450AD /* [CP] Check Pods Manifest.lock */ = {
			isa = PBXShellScriptBuildPhase;
			buildActionMask = 2147483647;
			files = (
			);
			inputPaths = (
			);
			name = "[CP] Check Pods Manifest.lock";
			outputPaths = (
			);
			runOnlyForDeploymentPostprocessing = 0;
			shellPath = /bin/sh;
			shellScript = "diff \"${PODS_ROOT}/../Podfile.lock\" \"${PODS_ROOT}/Manifest.lock\" > /dev/null\nif [ $? != 0 ] ; then\n    # print error to STDERR\n    echo \"error: The sandbox is not in sync with the Podfile.lock. Run 'pod install' or update your CocoaPods installation.\" >&2\n    exit 1\nfi\n";
			showEnvVarsInLog = 0;
		};
/* End PBXShellScriptBuildPhase section */

/* Begin PBXSourcesBuildPhase section */
		FDEAD4101C16B54200DE154A /* Sources */ = {
			isa = PBXSourcesBuildPhase;
			buildActionMask = 2147483647;
			files = (
				FDEAD41F1C16B54200DE154A /* ViewController.m in Sources */,
				FD73065C1C17B8FA0006D824 /* NVController.m in Sources */,
				FDEAD41C1C16B54200DE154A /* AppDelegate.m in Sources */,
				FD7306631C17B9030006D824 /* TableViewController.m in Sources */,
				FD7306561C17B8E80006D824 /* FillViewController.m in Sources */,
				FDEAD4191C16B54200DE154A /* main.m in Sources */,
				FD7306551C17B8E80006D824 /* ChildFillViewController.m in Sources */,
				FD7306651C17B9030006D824 /* UIView+AdjustFrame.m in Sources */,
				FD7306641C17B9030006D824 /* TestVC.m in Sources */,
				FD73065B1C17B8FA0006D824 /* NormalViewController.m in Sources */,
			);
			runOnlyForDeploymentPostprocessing = 0;
		};
		FDEAD4291C16B54200DE154A /* Sources */ = {
			isa = PBXSourcesBuildPhase;
			buildActionMask = 2147483647;
			files = (
				FDEAD4321C16B54200DE154A /* XXAutoLayoutTests.m in Sources */,
			);
			runOnlyForDeploymentPostprocessing = 0;
		};
		FDEAD4341C16B54200DE154A /* Sources */ = {
			isa = PBXSourcesBuildPhase;
			buildActionMask = 2147483647;
			files = (
				FDEAD43D1C16B54200DE154A /* XXAutoLayoutUITests.m in Sources */,
			);
			runOnlyForDeploymentPostprocessing = 0;
		};
/* End PBXSourcesBuildPhase section */

/* Begin PBXTargetDependency section */
		FDEAD42F1C16B54200DE154A /* PBXTargetDependency */ = {
			isa = PBXTargetDependency;
			target = FDEAD4131C16B54200DE154A /* XXAutoLayout */;
			targetProxy = FDEAD42E1C16B54200DE154A /* PBXContainerItemProxy */;
		};
		FDEAD43A1C16B54200DE154A /* PBXTargetDependency */ = {
			isa = PBXTargetDependency;
			target = FDEAD4131C16B54200DE154A /* XXAutoLayout */;
			targetProxy = FDEAD4391C16B54200DE154A /* PBXContainerItemProxy */;
		};
/* End PBXTargetDependency section */

/* Begin PBXVariantGroup section */
		FDEAD4251C16B54200DE154A /* LaunchScreen.storyboard */ = {
			isa = PBXVariantGroup;
			children = (
				FDEAD4261C16B54200DE154A /* Base */,
			);
			name = LaunchScreen.storyboard;
			sourceTree = "<group>";
		};
/* End PBXVariantGroup section */

/* Begin XCBuildConfiguration section */
		FDEAD43F1C16B54200DE154A /* Debug */ = {
			isa = XCBuildConfiguration;
			buildSettings = {
				ALWAYS_SEARCH_USER_PATHS = NO;
				CLANG_CXX_LANGUAGE_STANDARD = "gnu++0x";
				CLANG_CXX_LIBRARY = "libc++";
				CLANG_ENABLE_MODULES = YES;
				CLANG_ENABLE_OBJC_ARC = YES;
				CLANG_WARN_BOOL_CONVERSION = YES;
				CLANG_WARN_CONSTANT_CONVERSION = YES;
				CLANG_WARN_DIRECT_OBJC_ISA_USAGE = YES_ERROR;
				CLANG_WARN_EMPTY_BODY = YES;
				CLANG_WARN_ENUM_CONVERSION = YES;
				CLANG_WARN_INFINITE_RECURSION = YES;
				CLANG_WARN_INT_CONVERSION = YES;
				CLANG_WARN_OBJC_ROOT_CLASS = YES_ERROR;
				CLANG_WARN_SUSPICIOUS_MOVE = YES;
				CLANG_WARN_UNREACHABLE_CODE = YES;
				CLANG_WARN__DUPLICATE_METHOD_MATCH = YES;
				"CODE_SIGN_IDENTITY[sdk=iphoneos*]" = "iPhone Developer";
				COPY_PHASE_STRIP = NO;
				DEBUG_INFORMATION_FORMAT = dwarf;
				ENABLE_STRICT_OBJC_MSGSEND = YES;
				ENABLE_TESTABILITY = YES;
				GCC_C_LANGUAGE_STANDARD = gnu99;
				GCC_DYNAMIC_NO_PIC = NO;
				GCC_NO_COMMON_BLOCKS = YES;
				GCC_OPTIMIZATION_LEVEL = 0;
				GCC_PREPROCESSOR_DEFINITIONS = (
					"DEBUG=1",
					"$(inherited)",
				);
				GCC_WARN_64_TO_32_BIT_CONVERSION = YES;
				GCC_WARN_ABOUT_RETURN_TYPE = YES_ERROR;
				GCC_WARN_UNDECLARED_SELECTOR = YES;
				GCC_WARN_UNINITIALIZED_AUTOS = YES_AGGRESSIVE;
				GCC_WARN_UNUSED_FUNCTION = YES;
				GCC_WARN_UNUSED_VARIABLE = YES;
				IPHONEOS_DEPLOYMENT_TARGET = 9.1;
				MTL_ENABLE_DEBUG_INFO = YES;
				ONLY_ACTIVE_ARCH = YES;
				SDKROOT = iphoneos;
			};
			name = Debug;
		};
		FDEAD4401C16B54200DE154A /* Release */ = {
			isa = XCBuildConfiguration;
			buildSettings = {
				ALWAYS_SEARCH_USER_PATHS = NO;
				CLANG_CXX_LANGUAGE_STANDARD = "gnu++0x";
				CLANG_CXX_LIBRARY = "libc++";
				CLANG_ENABLE_MODULES = YES;
				CLANG_ENABLE_OBJC_ARC = YES;
				CLANG_WARN_BOOL_CONVERSION = YES;
				CLANG_WARN_CONSTANT_CONVERSION = YES;
				CLANG_WARN_DIRECT_OBJC_ISA_USAGE = YES_ERROR;
				CLANG_WARN_EMPTY_BODY = YES;
				CLANG_WARN_ENUM_CONVERSION = YES;
				CLANG_WARN_INFINITE_RECURSION = YES;
				CLANG_WARN_INT_CONVERSION = YES;
				CLANG_WARN_OBJC_ROOT_CLASS = YES_ERROR;
				CLANG_WARN_SUSPICIOUS_MOVE = YES;
				CLANG_WARN_UNREACHABLE_CODE = YES;
				CLANG_WARN__DUPLICATE_METHOD_MATCH = YES;
				"CODE_SIGN_IDENTITY[sdk=iphoneos*]" = "iPhone Developer";
				COPY_PHASE_STRIP = NO;
				DEBUG_INFORMATION_FORMAT = "dwarf-with-dsym";
				ENABLE_NS_ASSERTIONS = NO;
				ENABLE_STRICT_OBJC_MSGSEND = YES;
				GCC_C_LANGUAGE_STANDARD = gnu99;
				GCC_NO_COMMON_BLOCKS = YES;
				GCC_WARN_64_TO_32_BIT_CONVERSION = YES;
				GCC_WARN_ABOUT_RETURN_TYPE = YES_ERROR;
				GCC_WARN_UNDECLARED_SELECTOR = YES;
				GCC_WARN_UNINITIALIZED_AUTOS = YES_AGGRESSIVE;
				GCC_WARN_UNUSED_FUNCTION = YES;
				GCC_WARN_UNUSED_VARIABLE = YES;
				IPHONEOS_DEPLOYMENT_TARGET = 9.1;
				MTL_ENABLE_DEBUG_INFO = NO;
				SDKROOT = iphoneos;
				VALIDATE_PRODUCT = YES;
			};
			name = Release;
		};
		FDEAD4421C16B54200DE154A /* Debug */ = {
			isa = XCBuildConfiguration;
			baseConfigurationReference = 40FA6B992D7E118A5F9E6E3F /* Pods-XXAutoLayout.debug.xcconfig */;
			buildSettings = {
				ASSETCATALOG_COMPILER_APPICON_NAME = AppIcon;
				INFOPLIST_FILE = XXAutoLayout/Info.plist;
				IPHONEOS_DEPLOYMENT_TARGET = 8.0;
				LD_RUNPATH_SEARCH_PATHS = "$(inherited) @executable_path/Frameworks";
				PRODUCT_BUNDLE_IDENTIFIER = com.Rdxer.XXAutoLayout;
				PRODUCT_NAME = "$(TARGET_NAME)";
				SWIFT_VERSION = 3.0;
			};
			name = Debug;
		};
		FDEAD4431C16B54200DE154A /* Release */ = {
			isa = XCBuildConfiguration;
			baseConfigurationReference = 533D9032BAA321A8C3ABD770 /* Pods-XXAutoLayout.release.xcconfig */;
			buildSettings = {
				ASSETCATALOG_COMPILER_APPICON_NAME = AppIcon;
				INFOPLIST_FILE = XXAutoLayout/Info.plist;
				IPHONEOS_DEPLOYMENT_TARGET = 8.0;
				LD_RUNPATH_SEARCH_PATHS = "$(inherited) @executable_path/Frameworks";
				PRODUCT_BUNDLE_IDENTIFIER = com.Rdxer.XXAutoLayout;
				PRODUCT_NAME = "$(TARGET_NAME)";
				SWIFT_VERSION = 3.0;
			};
			name = Release;
		};
		FDEAD4451C16B54200DE154A /* Debug */ = {
			isa = XCBuildConfiguration;
			baseConfigurationReference = D36B42E1443D31BD4E8B4E35 /* Pods-XXAutoLayoutTests.debug.xcconfig */;
			buildSettings = {
				BUNDLE_LOADER = "$(TEST_HOST)";
				INFOPLIST_FILE = XXAutoLayoutTests/Info.plist;
				LD_RUNPATH_SEARCH_PATHS = "$(inherited) @executable_path/Frameworks @loader_path/Frameworks";
				PRODUCT_BUNDLE_IDENTIFIER = com.Rdxer.XXAutoLayoutTests;
				PRODUCT_NAME = "$(TARGET_NAME)";
				SWIFT_VERSION = 3.0;
				TEST_HOST = "$(BUILT_PRODUCTS_DIR)/XXAutoLayout.app/XXAutoLayout";
			};
			name = Debug;
		};
		FDEAD4461C16B54200DE154A /* Release */ = {
			isa = XCBuildConfiguration;
			baseConfigurationReference = 30BE2B2A37C0A72CC51DBE13 /* Pods-XXAutoLayoutTests.release.xcconfig */;
			buildSettings = {
				BUNDLE_LOADER = "$(TEST_HOST)";
				INFOPLIST_FILE = XXAutoLayoutTests/Info.plist;
				LD_RUNPATH_SEARCH_PATHS = "$(inherited) @executable_path/Frameworks @loader_path/Frameworks";
				PRODUCT_BUNDLE_IDENTIFIER = com.Rdxer.XXAutoLayoutTests;
				PRODUCT_NAME = "$(TARGET_NAME)";
				SWIFT_VERSION = 3.0;
				TEST_HOST = "$(BUILT_PRODUCTS_DIR)/XXAutoLayout.app/XXAutoLayout";
			};
			name = Release;
		};
		FDEAD4481C16B54200DE154A /* Debug */ = {
			isa = XCBuildConfiguration;
			baseConfigurationReference = D1C326602441B3A38A75F296 /* Pods-XXAutoLayoutUITests.debug.xcconfig */;
			buildSettings = {
				INFOPLIST_FILE = XXAutoLayoutUITests/Info.plist;
				LD_RUNPATH_SEARCH_PATHS = "$(inherited) @executable_path/Frameworks @loader_path/Frameworks";
				PRODUCT_BUNDLE_IDENTIFIER = com.Rdxer.XXAutoLayoutUITests;
				PRODUCT_NAME = "$(TARGET_NAME)";
				SWIFT_VERSION = 3.0;
				TEST_TARGET_NAME = XXAutoLayout;
				USES_XCTRUNNER = YES;
			};
			name = Debug;
		};
		FDEAD4491C16B54200DE154A /* Release */ = {
			isa = XCBuildConfiguration;
			baseConfigurationReference = F0B3DBBFEDAABCEF27AFF6C3 /* Pods-XXAutoLayoutUITests.release.xcconfig */;
			buildSettings = {
				INFOPLIST_FILE = XXAutoLayoutUITests/Info.plist;
				LD_RUNPATH_SEARCH_PATHS = "$(inherited) @executable_path/Frameworks @loader_path/Frameworks";
				PRODUCT_BUNDLE_IDENTIFIER = com.Rdxer.XXAutoLayoutUITests;
				PRODUCT_NAME = "$(TARGET_NAME)";
				SWIFT_VERSION = 3.0;
				TEST_TARGET_NAME = XXAutoLayout;
				USES_XCTRUNNER = YES;
			};
			name = Release;
		};
/* End XCBuildConfiguration section */

/* Begin XCConfigurationList section */
		FDEAD40F1C16B54200DE154A /* Build configuration list for PBXProject "XXAutoLayout" */ = {
			isa = XCConfigurationList;
			buildConfigurations = (
				FDEAD43F1C16B54200DE154A /* Debug */,
				FDEAD4401C16B54200DE154A /* Release */,
			);
			defaultConfigurationIsVisible = 0;
			defaultConfigurationName = Release;
		};
		FDEAD4411C16B54200DE154A /* Build configuration list for PBXNativeTarget "XXAutoLayout" */ = {
			isa = XCConfigurationList;
			buildConfigurations = (
				FDEAD4421C16B54200DE154A /* Debug */,
				FDEAD4431C16B54200DE154A /* Release */,
			);
			defaultConfigurationIsVisible = 0;
			defaultConfigurationName = Release;
		};
		FDEAD4441C16B54200DE154A /* Build configuration list for PBXNativeTarget "XXAutoLayoutTests" */ = {
			isa = XCConfigurationList;
			buildConfigurations = (
				FDEAD4451C16B54200DE154A /* Debug */,
				FDEAD4461C16B54200DE154A /* Release */,
			);
			defaultConfigurationIsVisible = 0;
			defaultConfigurationName = Release;
		};
		FDEAD4471C16B54200DE154A /* Build configuration list for PBXNativeTarget "XXAutoLayoutUITests" */ = {
			isa = XCConfigurationList;
			buildConfigurations = (
				FDEAD4481C16B54200DE154A /* Debug */,
				FDEAD4491C16B54200DE154A /* Release */,
			);
			defaultConfigurationIsVisible = 0;
			defaultConfigurationName = Release;
		};
/* End XCConfigurationList section */
	};
	rootObject = FDEAD40C1C16B54200DE154A /* Project object */;
}
